// !$*UTF8*$!
{
	archiveVersion = 1;
	classes = {
	};
	objectVersion = 46;
	objects = {

/* Begin PBXBuildFile section */
		441B27561BADD8AE002A13E2 /* LoginViewController.swift in Sources */ = {isa = PBXBuildFile; fileRef = 441B27551BADD8AE002A13E2 /* LoginViewController.swift */; };
		441B27581BADECAF002A13E2 /* User.swift in Sources */ = {isa = PBXBuildFile; fileRef = 441B27571BADECAF002A13E2 /* User.swift */; };
		44C450E91BADD0F800AA43BC /* AppDelegate.swift in Sources */ = {isa = PBXBuildFile; fileRef = 44C450E81BADD0F800AA43BC /* AppDelegate.swift */; };
		44C450EE1BADD0F800AA43BC /* Main.storyboard in Resources */ = {isa = PBXBuildFile; fileRef = 44C450EC1BADD0F800AA43BC /* Main.storyboard */; };
		44C450F01BADD0F800AA43BC /* Images.xcassets in Resources */ = {isa = PBXBuildFile; fileRef = 44C450EF1BADD0F800AA43BC /* Images.xcassets */; };
		44C450F31BADD0F800AA43BC /* LaunchScreen.xib in Resources */ = {isa = PBXBuildFile; fileRef = 44C450F11BADD0F800AA43BC /* LaunchScreen.xib */; };
		44C450FF1BADD0F800AA43BC /* TimbreTests.swift in Sources */ = {isa = PBXBuildFile; fileRef = 44C450FE1BADD0F800AA43BC /* TimbreTests.swift */; };
/* End PBXBuildFile section */

/* Begin PBXContainerItemProxy section */
		44C450F91BADD0F800AA43BC /* PBXContainerItemProxy */ = {
			isa = PBXContainerItemProxy;
			containerPortal = 44C450DB1BADD0F800AA43BC /* Project object */;
			proxyType = 1;
			remoteGlobalIDString = 44C450E21BADD0F800AA43BC;
			remoteInfo = Timbre;
		};
/* End PBXContainerItemProxy section */

/* Begin PBXFileReference section */
		441B27551BADD8AE002A13E2 /* LoginViewController.swift */ = {isa = PBXFileReference; fileEncoding = 4; lastKnownFileType = sourcecode.swift; path = LoginViewController.swift; sourceTree = "<group>"; };
		441B27571BADECAF002A13E2 /* User.swift */ = {isa = PBXFileReference; fileEncoding = 4; lastKnownFileType = sourcecode.swift; path = User.swift; sourceTree = "<group>"; };
		44C450E31BADD0F800AA43BC /* Timbre.app */ = {isa = PBXFileReference; explicitFileType = wrapper.application; includeInIndex = 0; path = Timbre.app; sourceTree = BUILT_PRODUCTS_DIR; };
		44C450E71BADD0F800AA43BC /* Info.plist */ = {isa = PBXFileReference; lastKnownFileType = text.plist.xml; path = Info.plist; sourceTree = "<group>"; };
		44C450E81BADD0F800AA43BC /* AppDelegate.swift */ = {isa = PBXFileReference; lastKnownFileType = sourcecode.swift; path = AppDelegate.swift; sourceTree = "<group>"; };
		44C450ED1BADD0F800AA43BC /* Base */ = {isa = PBXFileReference; lastKnownFileType = file.storyboard; name = Base; path = Base.lproj/Main.storyboard; sourceTree = "<group>"; };
		44C450EF1BADD0F800AA43BC /* Images.xcassets */ = {isa = PBXFileReference; lastKnownFileType = folder.assetcatalog; path = Images.xcassets; sourceTree = "<group>"; };
		44C450F21BADD0F800AA43BC /* Base */ = {isa = PBXFileReference; lastKnownFileType = file.xib; name = Base; path = Base.lproj/LaunchScreen.xib; sourceTree = "<group>"; };
		44C450F81BADD0F800AA43BC /* TimbreTests.xctest */ = {isa = PBXFileReference; explicitFileType = wrapper.cfbundle; includeInIndex = 0; path = TimbreTests.xctest; sourceTree = BUILT_PRODUCTS_DIR; };
		44C450FD1BADD0F800AA43BC /* Info.plist */ = {isa = PBXFileReference; lastKnownFileType = text.plist.xml; path = Info.plist; sourceTree = "<group>"; };
		44C450FE1BADD0F800AA43BC /* TimbreTests.swift */ = {isa = PBXFileReference; lastKnownFileType = sourcecode.swift; path = TimbreTests.swift; sourceTree = "<group>"; };
/* End PBXFileReference section */

/* Begin PBXFrameworksBuildPhase section */
		44C450E01BADD0F800AA43BC /* Frameworks */ = {
			isa = PBXFrameworksBuildPhase;
			buildActionMask = 2147483647;
			files = (
			);
			runOnlyForDeploymentPostprocessing = 0;
		};
		44C450F51BADD0F800AA43BC /* Frameworks */ = {
			isa = PBXFrameworksBuildPhase;
			buildActionMask = 2147483647;
			files = (
			);
			runOnlyForDeploymentPostprocessing = 0;
		};
/* End PBXFrameworksBuildPhase section */

/* Begin PBXGroup section */
		44C450DA1BADD0F800AA43BC = {
			isa = PBXGroup;
			children = (
				44C450E51BADD0F800AA43BC /* Timbre */,
				44C450FB1BADD0F800AA43BC /* TimbreTests */,
				44C450E41BADD0F800AA43BC /* Products */,
			);
			sourceTree = "<group>";
		};
		44C450E41BADD0F800AA43BC /* Products */ = {
			isa = PBXGroup;
			children = (
				44C450E31BADD0F800AA43BC /* Timbre.app */,
				44C450F81BADD0F800AA43BC /* TimbreTests.xctest */,
			);
			name = Products;
			sourceTree = "<group>";
		};
		44C450E51BADD0F800AA43BC /* Timbre */ = {
			isa = PBXGroup;
			children = (
				44C450E81BADD0F800AA43BC /* AppDelegate.swift */,
				44C450EC1BADD0F800AA43BC /* Main.storyboard */,
				441B27571BADECAF002A13E2 /* User.swift */,
				441B27551BADD8AE002A13E2 /* LoginViewController.swift */,
				44C450EF1BADD0F800AA43BC /* Images.xcassets */,
				44C450F11BADD0F800AA43BC /* LaunchScreen.xib */,
				44C450E61BADD0F800AA43BC /* Supporting Files */,
			);
			path = Timbre;
			sourceTree = "<group>";
		};
		44C450E61BADD0F800AA43BC /* Supporting Files */ = {
			isa = PBXGroup;
			children = (
				44C450E71BADD0F800AA43BC /* Info.plist */,
			);
			name = "Supporting Files";
			sourceTree = "<group>";
		};
		44C450FB1BADD0F800AA43BC /* TimbreTests */ = {
			isa = PBXGroup;
			children = (
				44C450FE1BADD0F800AA43BC /* TimbreTests.swift */,
				44C450FC1BADD0F800AA43BC /* Supporting Files */,
			);
			path = TimbreTests;
			sourceTree = "<group>";
		};
		44C450FC1BADD0F800AA43BC /* Supporting Files */ = {
			isa = PBXGroup;
			children = (
				44C450FD1BADD0F800AA43BC /* Info.plist */,
			);
			name = "Supporting Files";
			sourceTree = "<group>";
		};
/* End PBXGroup section */

/* Begin PBXNativeTarget section */
		44C450E21BADD0F800AA43BC /* Timbre */ = {
			isa = PBXNativeTarget;
			buildConfigurationList = 44C451021BADD0F800AA43BC /* Build configuration list for PBXNativeTarget "Timbre" */;
			buildPhases = (
				44C450DF1BADD0F800AA43BC /* Sources */,
				44C450E01BADD0F800AA43BC /* Frameworks */,
				44C450E11BADD0F800AA43BC /* Resources */,
			);
			buildRules = (
			);
			dependencies = (
			);
			name = Timbre;
			productName = Timbre;
			productReference = 44C450E31BADD0F800AA43BC /* Timbre.app */;
			productType = "com.apple.product-type.application";
		};
		44C450F71BADD0F800AA43BC /* TimbreTests */ = {
			isa = PBXNativeTarget;
			buildConfigurationList = 44C451051BADD0F800AA43BC /* Build configuration list for PBXNativeTarget "TimbreTests" */;
			buildPhases = (
				44C450F41BADD0F800AA43BC /* Sources */,
				44C450F51BADD0F800AA43BC /* Frameworks */,
				44C450F61BADD0F800AA43BC /* Resources */,
			);
			buildRules = (
			);
			dependencies = (
				44C450FA1BADD0F800AA43BC /* PBXTargetDependency */,
			);
			name = TimbreTests;
			productName = TimbreTests;
			productReference = 44C450F81BADD0F800AA43BC /* TimbreTests.xctest */;
			productType = "com.apple.product-type.bundle.unit-test";
		};
/* End PBXNativeTarget section */

/* Begin PBXProject section */
		44C450DB1BADD0F800AA43BC /* Project object */ = {
			isa = PBXProject;
			attributes = {
				LastUpgradeCheck = 0640;
				ORGANIZATIONNAME = AnatolSusan;
				TargetAttributes = {
					44C450E21BADD0F800AA43BC = {
						CreatedOnToolsVersion = 6.4;
					};
					44C450F71BADD0F800AA43BC = {
						CreatedOnToolsVersion = 6.4;
						TestTargetID = 44C450E21BADD0F800AA43BC;
					};
				};
			};
			buildConfigurationList = 44C450DE1BADD0F800AA43BC /* Build configuration list for PBXProject "Timbre" */;
			compatibilityVersion = "Xcode 3.2";
			developmentRegion = English;
			hasScannedForEncodings = 0;
			knownRegions = (
				en,
				Base,
			);
			mainGroup = 44C450DA1BADD0F800AA43BC;
			productRefGroup = 44C450E41BADD0F800AA43BC /* Products */;
			projectDirPath = "";
			projectRoot = "";
			targets = (
				44C450E21BADD0F800AA43BC /* Timbre */,
				44C450F71BADD0F800AA43BC /* TimbreTests */,
			);
		};
/* End PBXProject section */

/* Begin PBXResourcesBuildPhase section */
		44C450E11BADD0F800AA43BC /* Resources */ = {
			isa = PBXResourcesBuildPhase;
			buildActionMask = 2147483647;
			files = (
				44C450EE1BADD0F800AA43BC /* Main.storyboard in Resources */,
				44C450F31BADD0F800AA43BC /* LaunchScreen.xib in Resources */,
				44C450F01BADD0F800AA43BC /* Images.xcassets in Resources */,
			);
			runOnlyForDeploymentPostprocessing = 0;
		};
		44C450F61BADD0F800AA43BC /* Resources */ = {
			isa = PBXResourcesBuildPhase;
			buildActionMask = 2147483647;
			files = (
			);
			runOnlyForDeploymentPostprocessing = 0;
		};
/* End PBXResourcesBuildPhase section */

/* Begin PBXSourcesBuildPhase section */
		44C450DF1BADD0F800AA43BC /* Sources */ = {
			isa = PBXSourcesBuildPhase;
			buildActionMask = 2147483647;
			files = (
				441B27561BADD8AE002A13E2 /* LoginViewController.swift in Sources */,
				44C450E91BADD0F800AA43BC /* AppDelegate.swift in Sources */,
				441B27581BADECAF002A13E2 /* User.swift in Sources */,
			);
			runOnlyForDeploymentPostprocessing = 0;
		};
		44C450F41BADD0F800AA43BC /* Sources */ = {
			isa = PBXSourcesBuildPhase;
			buildActionMask = 2147483647;
			files = (
				44C450FF1BADD0F800AA43BC /* TimbreTests.swift in Sources */,
			);
			runOnlyForDeploymentPostprocessing = 0;
		};
/* End PBXSourcesBuildPhase section */

/* Begin PBXTargetDependency section */
		44C450FA1BADD0F800AA43BC /* PBXTargetDependency */ = {
			isa = PBXTargetDependency;
			target = 44C450E21BADD0F800AA43BC /* Timbre */;
			targetProxy = 44C450F91BADD0F800AA43BC /* PBXContainerItemProxy */;
		};
/* End PBXTargetDependency section */

/* Begin PBXVariantGroup section */
		44C450EC1BADD0F800AA43BC /* Main.storyboard */ = {
			isa = PBXVariantGroup;
			children = (
				44C450ED1BADD0F800AA43BC /* Base */,
			);
			name = Main.storyboard;
			sourceTree = "<group>";
		};
		44C450F11BADD0F800AA43BC /* LaunchScreen.xib */ = {
			isa = PBXVariantGroup;
			children = (
				44C450F21BADD0F800AA43BC /* Base */,
			);
			name = LaunchScreen.xib;
			sourceTree = "<group>";
		};
/* End PBXVariantGroup section */

/* Begin XCBuildConfiguration section */
		44C451001BADD0F800AA43BC /* Debug */ = {
			isa = XCBuildConfiguration;
			buildSettings = {
				ALWAYS_SEARCH_USER_PATHS = NO;
				CLANG_CXX_LANGUAGE_STANDARD = "gnu++0x";
				CLANG_CXX_LIBRARY = "libc++";
				CLANG_ENABLE_MODULES = YES;
				CLANG_ENABLE_OBJC_ARC = YES;
				CLANG_WARN_BOOL_CONVERSION = YES;
				CLANG_WARN_CONSTANT_CONVERSION = YES;
				CLANG_WARN_DIRECT_OBJC_ISA_USAGE = YES_ERROR;
				CLANG_WARN_EMPTY_BODY = YES;
				CLANG_WARN_ENUM_CONVERSION = YES;
				CLANG_WARN_INT_CONVERSION = YES;
				CLANG_WARN_OBJC_ROOT_CLASS = YES_ERROR;
				CLANG_WARN_UNREACHABLE_CODE = YES;
				CLANG_WARN__DUPLICATE_METHOD_MATCH = YES;
				"CODE_SIGN_IDENTITY[sdk=iphoneos*]" = "iPhone Developer";
				COPY_PHASE_STRIP = NO;
				DEBUG_INFORMATION_FORMAT = "dwarf-with-dsym";
				ENABLE_STRICT_OBJC_MSGSEND = YES;
				GCC_C_LANGUAGE_STANDARD = gnu99;
				GCC_DYNAMIC_NO_PIC = NO;
				GCC_NO_COMMON_BLOCKS = YES;
				GCC_OPTIMIZATION_LEVEL = 0;
				GCC_PREPROCESSOR_DEFINITIONS = (
					"DEBUG=1",
					"$(inherited)",
				);
				GCC_SYMBOLS_PRIVATE_EXTERN = NO;
				GCC_WARN_64_TO_32_BIT_CONVERSION = YES;
				GCC_WARN_ABOUT_RETURN_TYPE = YES_ERROR;
				GCC_WARN_UNDECLARED_SELECTOR = YES;
				GCC_WARN_UNINITIALIZED_AUTOS = YES_AGGRESSIVE;
				GCC_WARN_UNUSED_FUNCTION = YES;
				GCC_WARN_UNUSED_VARIABLE = YES;
				IPHONEOS_DEPLOYMENT_TARGET = 8.4;
				MTL_ENABLE_DEBUG_INFO = YES;
				ONLY_ACTIVE_ARCH = YES;
				SDKROOT = iphoneos;
				SWIFT_OPTIMIZATION_LEVEL = "-Onone";
				TARGETED_DEVICE_FAMILY = "1,2";
			};
			name = Debug;
		};
		44C451011BADD0F800AA43BC /* Release */ = {
			isa = XCBuildConfiguration;
			buildSettings = {
				ALWAYS_SEARCH_USER_PATHS = NO;
				CLANG_CXX_LANGUAGE_STANDARD = "gnu++0x";
				CLANG_CXX_LIBRARY = "libc++";
				CLANG_ENABLE_MODULES = YES;
				CLANG_ENABLE_OBJC_ARC = YES;
				CLANG_WARN_BOOL_CONVERSION = YES;
				CLANG_WARN_CONSTANT_CONVERSION = YES;
				CLANG_WARN_DIRECT_OBJC_ISA_USAGE = YES_ERROR;
				CLANG_WARN_EMPTY_BODY = YES;
				CLANG_WARN_ENUM_CONVERSION = YES;
				CLANG_WARN_INT_CONVERSION = YES;
				CLANG_WARN_OBJC_ROOT_CLASS = YES_ERROR;
				CLANG_WARN_UNREACHABLE_CODE = YES;
				CLANG_WARN__DUPLICATE_METHOD_MATCH = YES;
				"CODE_SIGN_IDENTITY[sdk=iphoneos*]" = "iPhone Developer";
				COPY_PHASE_STRIP = NO;
				DEBUG_INFORMATION_FORMAT = "dwarf-with-dsym";
				ENABLE_NS_ASSERTIONS = NO;
				ENABLE_STRICT_OBJC_MSGSEND = YES;
				GCC_C_LANGUAGE_STANDARD = gnu99;
				GCC_NO_COMMON_BLOCKS = YES;
				GCC_WARN_64_TO_32_BIT_CONVERSION = YES;
				GCC_WARN_ABOUT_RETURN_TYPE = YES_ERROR;
				GCC_WARN_UNDECLARED_SELECTOR = YES;
				GCC_WARN_UNINITIALIZED_AUTOS = YES_AGGRESSIVE;
				GCC_WARN_UNUSED_FUNCTION = YES;
				GCC_WARN_UNUSED_VARIABLE = YES;
				IPHONEOS_DEPLOYMENT_TARGET = 8.4;
				MTL_ENABLE_DEBUG_INFO = NO;
				SDKROOT = iphoneos;
				TARGETED_DEVICE_FAMILY = "1,2";
				VALIDATE_PRODUCT = YES;
			};
			name = Release;
		};
		44C451031BADD0F800AA43BC /* Debug */ = {
			isa = XCBuildConfiguration;
			buildSettings = {
				ASSETCATALOG_COMPILER_APPICON_NAME = AppIcon;
				INFOPLIST_FILE = Timbre/Info.plist;
				LD_RUNPATH_SEARCH_PATHS = "$(inherited) @executable_path/Frameworks";
				PRODUCT_NAME = "$(TARGET_NAME)";
			};
			name = Debug;
		};
		44C451041BADD0F800AA43BC /* Release */ = {
			isa = XCBuildConfiguration;
			buildSettings = {
				ASSETCATALOG_COMPILER_APPICON_NAME = AppIcon;
				INFOPLIST_FILE = Timbre/Info.plist;
				LD_RUNPATH_SEARCH_PATHS = "$(inherited) @executable_path/Frameworks";
				PRODUCT_NAME = "$(TARGET_NAME)";
			};
			name = Release;
		};
		44C451061BADD0F800AA43BC /* Debug */ = {
			isa = XCBuildConfiguration;
			buildSettings = {
				BUNDLE_LOADER = "$(TEST_HOST)";
				FRAMEWORK_SEARCH_PATHS = (
					"$(SDKROOT)/Developer/Library/Frameworks",
					"$(inherited)",
				);
				GCC_PREPROCESSOR_DEFINITIONS = (
					"DEBUG=1",
					"$(inherited)",
				);
				INFOPLIST_FILE = TimbreTests/Info.plist;
				LD_RUNPATH_SEARCH_PATHS = "$(inherited) @executable_path/Frameworks @loader_path/Frameworks";
				PRODUCT_NAME = "$(TARGET_NAME)";
				TEST_HOST = "$(BUILT_PRODUCTS_DIR)/Timbre.app/Timbre";
			};
			name = Debug;
		};
		44C451071BADD0F800AA43BC /* Release */ = {
			isa = XCBuildConfiguration;
			buildSettings = {
				BUNDLE_LOADER = "$(TEST_HOST)";
				FRAMEWORK_SEARCH_PATHS = (
					"$(SDKROOT)/Developer/Library/Frameworks",
					"$(inherited)",
				);
				INFOPLIST_FILE = TimbreTests/Info.plist;
				LD_RUNPATH_SEARCH_PATHS = "$(inherited) @executable_path/Frameworks @loader_path/Frameworks";
				PRODUCT_NAME = "$(TARGET_NAME)";
				TEST_HOST = "$(BUILT_PRODUCTS_DIR)/Timbre.app/Timbre";
			};
			name = Release;
		};
/* End XCBuildConfiguration section */

/* Begin XCConfigurationList section */
		44C450DE1BADD0F800AA43BC /* Build configuration list for PBXProject "Timbre" */ = {
			isa = XCConfigurationList;
			buildConfigurations = (
				44C451001BADD0F800AA43BC /* Debug */,
				44C451011BADD0F800AA43BC /* Release */,
			);
			defaultConfigurationIsVisible = 0;
			defaultConfigurationName = Release;
		};
		44C451021BADD0F800AA43BC /* Build configuration list for PBXNativeTarget "Timbre" */ = {
			isa = XCConfigurationList;
			buildConfigurations = (
				44C451031BADD0F800AA43BC /* Debug */,
				44C451041BADD0F800AA43BC /* Release */,
			);
			defaultConfigurationIsVisible = 0;
			defaultConfigurationName = Release;
		};
		44C451051BADD0F800AA43BC /* Build configuration list for PBXNativeTarget "TimbreTests" */ = {
			isa = XCConfigurationList;
			buildConfigurations = (
				44C451061BADD0F800AA43BC /* Debug */,
				44C451071BADD0F800AA43BC /* Release */,
			);
			defaultConfigurationIsVisible = 0;
			defaultConfigurationName = Release;
		};
/* End XCConfigurationList section */
	};
	rootObject = 44C450DB1BADD0F800AA43BC /* Project object */;
}
